// !$*UTF8*$!
{
	archiveVersion = 1;
	classes = {
	};
	objectVersion = 50;
	objects = {

/* Begin PBXBuildFile section */
		BE1235D124942CCE00D938DB /* String+ConvertCityName.swift in Sources */ = {isa = PBXBuildFile; fileRef = BE1235D024942CCE00D938DB /* String+ConvertCityName.swift */; };
		BE1235D324942D0800D938DB /* Date+ConvertDate.swift in Sources */ = {isa = PBXBuildFile; fileRef = BE1235D224942D0800D938DB /* Date+ConvertDate.swift */; };
		BE1235D724942D5E00D938DB /* Double+ConvertTime.swift in Sources */ = {isa = PBXBuildFile; fileRef = BE1235D624942D5E00D938DB /* Double+ConvertTime.swift */; };
		BE1235D924942D8C00D938DB /* Double+ConvertTemp.swift in Sources */ = {isa = PBXBuildFile; fileRef = BE1235D824942D8C00D938DB /* Double+ConvertTemp.swift */; };
		BE1235DB24943C1500D938DB /* GradientBackground.swift in Sources */ = {isa = PBXBuildFile; fileRef = BE1235DA24943C1500D938DB /* GradientBackground.swift */; };
		BE3151232489F34000D47503 /* AppDelegate.swift in Sources */ = {isa = PBXBuildFile; fileRef = BE3151222489F34000D47503 /* AppDelegate.swift */; };
		BE3151252489F34000D47503 /* SceneDelegate.swift in Sources */ = {isa = PBXBuildFile; fileRef = BE3151242489F34000D47503 /* SceneDelegate.swift */; };
		BE3151272489F34000D47503 /* ViewController.swift in Sources */ = {isa = PBXBuildFile; fileRef = BE3151262489F34000D47503 /* ViewController.swift */; };
		BE31512A2489F34000D47503 /* Main.storyboard in Resources */ = {isa = PBXBuildFile; fileRef = BE3151282489F34000D47503 /* Main.storyboard */; };
		BE31512C2489F34300D47503 /* Assets.xcassets in Resources */ = {isa = PBXBuildFile; fileRef = BE31512B2489F34300D47503 /* Assets.xcassets */; };
		BE31512F2489F34300D47503 /* LaunchScreen.storyboard in Resources */ = {isa = PBXBuildFile; fileRef = BE31512D2489F34300D47503 /* LaunchScreen.storyboard */; };
		BE48F83524A3F69B00610F5E /* UIImage+AddShadow.swift in Sources */ = {isa = PBXBuildFile; fileRef = BE48F83424A3F69B00610F5E /* UIImage+AddShadow.swift */; };
		BE48F83724A410BC00610F5E /* Double+ConvertDay.swift in Sources */ = {isa = PBXBuildFile; fileRef = BE48F83624A410BC00610F5E /* Double+ConvertDay.swift */; };
		BE8659D02569C36900251CFC /* APIService.swift in Sources */ = {isa = PBXBuildFile; fileRef = BE8659CF2569C36900251CFC /* APIService.swift */; };
		BED547F7248AA5230079AD73 /* WeatherService.swift in Sources */ = {isa = PBXBuildFile; fileRef = BED547F6248AA5230079AD73 /* WeatherService.swift */; };
		BED547FA248AAD9C0079AD73 /* WeatherData.swift in Sources */ = {isa = PBXBuildFile; fileRef = BED547F9248AAD9C0079AD73 /* WeatherData.swift */; };
		BEEFC82224A2AECC00109D3F /* ForecastCell.swift in Sources */ = {isa = PBXBuildFile; fileRef = BEEFC82124A2AECC00109D3F /* ForecastCell.swift */; };
/* End PBXBuildFile section */

/* Begin PBXFileReference section */
		BE1235D024942CCE00D938DB /* String+ConvertCityName.swift */ = {isa = PBXFileReference; lastKnownFileType = sourcecode.swift; path = "String+ConvertCityName.swift"; sourceTree = "<group>"; };
		BE1235D224942D0800D938DB /* Date+ConvertDate.swift */ = {isa = PBXFileReference; lastKnownFileType = sourcecode.swift; path = "Date+ConvertDate.swift"; sourceTree = "<group>"; };
		BE1235D624942D5E00D938DB /* Double+ConvertTime.swift */ = {isa = PBXFileReference; lastKnownFileType = sourcecode.swift; path = "Double+ConvertTime.swift"; sourceTree = "<group>"; };
		BE1235D824942D8C00D938DB /* Double+ConvertTemp.swift */ = {isa = PBXFileReference; lastKnownFileType = sourcecode.swift; path = "Double+ConvertTemp.swift"; sourceTree = "<group>"; };
		BE1235DA24943C1500D938DB /* GradientBackground.swift */ = {isa = PBXFileReference; lastKnownFileType = sourcecode.swift; path = GradientBackground.swift; sourceTree = "<group>"; };
		BE31511F2489F34000D47503 /* Weather.app */ = {isa = PBXFileReference; explicitFileType = wrapper.application; includeInIndex = 0; path = Weather.app; sourceTree = BUILT_PRODUCTS_DIR; };
		BE3151222489F34000D47503 /* AppDelegate.swift */ = {isa = PBXFileReference; lastKnownFileType = sourcecode.swift; path = AppDelegate.swift; sourceTree = "<group>"; };
		BE3151242489F34000D47503 /* SceneDelegate.swift */ = {isa = PBXFileReference; lastKnownFileType = sourcecode.swift; path = SceneDelegate.swift; sourceTree = "<group>"; };
		BE3151262489F34000D47503 /* ViewController.swift */ = {isa = PBXFileReference; lastKnownFileType = sourcecode.swift; path = ViewController.swift; sourceTree = "<group>"; };
		BE3151292489F34000D47503 /* Base */ = {isa = PBXFileReference; lastKnownFileType = file.storyboard; name = Base; path = Base.lproj/Main.storyboard; sourceTree = "<group>"; };
		BE31512B2489F34300D47503 /* Assets.xcassets */ = {isa = PBXFileReference; lastKnownFileType = folder.assetcatalog; path = Assets.xcassets; sourceTree = "<group>"; };
		BE31512E2489F34300D47503 /* Base */ = {isa = PBXFileReference; lastKnownFileType = file.storyboard; name = Base; path = Base.lproj/LaunchScreen.storyboard; sourceTree = "<group>"; };
		BE3151302489F34300D47503 /* Info.plist */ = {isa = PBXFileReference; lastKnownFileType = text.plist.xml; path = Info.plist; sourceTree = "<group>"; };
		BE48F83424A3F69B00610F5E /* UIImage+AddShadow.swift */ = {isa = PBXFileReference; lastKnownFileType = sourcecode.swift; path = "UIImage+AddShadow.swift"; sourceTree = "<group>"; };
		BE48F83624A410BC00610F5E /* Double+ConvertDay.swift */ = {isa = PBXFileReference; lastKnownFileType = sourcecode.swift; path = "Double+ConvertDay.swift"; sourceTree = "<group>"; };
		BE8659CF2569C36900251CFC /* APIService.swift */ = {isa = PBXFileReference; lastKnownFileType = sourcecode.swift; path = APIService.swift; sourceTree = "<group>"; };
		BED547F6248AA5230079AD73 /* WeatherService.swift */ = {isa = PBXFileReference; lastKnownFileType = sourcecode.swift; path = WeatherService.swift; sourceTree = "<group>"; };
		BED547F9248AAD9C0079AD73 /* WeatherData.swift */ = {isa = PBXFileReference; lastKnownFileType = sourcecode.swift; path = WeatherData.swift; sourceTree = "<group>"; };
		BEEFC82124A2AECC00109D3F /* ForecastCell.swift */ = {isa = PBXFileReference; lastKnownFileType = sourcecode.swift; path = ForecastCell.swift; sourceTree = "<group>"; };
/* End PBXFileReference section */

/* Begin PBXFrameworksBuildPhase section */
		BE31511C2489F34000D47503 /* Frameworks */ = {
			isa = PBXFrameworksBuildPhase;
			buildActionMask = 2147483647;
			files = (
			);
			runOnlyForDeploymentPostprocessing = 0;
		};
/* End PBXFrameworksBuildPhase section */

/* Begin PBXGroup section */
		BE1235CD24942C0800D938DB /* Extensions */ = {
			isa = PBXGroup;
			children = (
				BE1235D024942CCE00D938DB /* String+ConvertCityName.swift */,
				BE1235D224942D0800D938DB /* Date+ConvertDate.swift */,
				BE1235D624942D5E00D938DB /* Double+ConvertTime.swift */,
				BE48F83624A410BC00610F5E /* Double+ConvertDay.swift */,
				BE1235D824942D8C00D938DB /* Double+ConvertTemp.swift */,
			);
			path = Extensions;
			sourceTree = "<group>";
		};
		BE3151162489F34000D47503 = {
			isa = PBXGroup;
			children = (
				BE3151212489F34000D47503 /* Weather */,
				BE3151202489F34000D47503 /* Products */,
			);
			sourceTree = "<group>";
		};
		BE3151202489F34000D47503 /* Products */ = {
			isa = PBXGroup;
			children = (
				BE31511F2489F34000D47503 /* Weather.app */,
			);
			name = Products;
			sourceTree = "<group>";
		};
		BE3151212489F34000D47503 /* Weather */ = {
			isa = PBXGroup;
			children = (
				BE3151222489F34000D47503 /* AppDelegate.swift */,
				BE3151242489F34000D47503 /* SceneDelegate.swift */,
				BE1235CD24942C0800D938DB /* Extensions */,
				BED547F5248AA5100079AD73 /* Services */,
				BED547F8248AAD8B0079AD73 /* Model */,
				BED547FF248AFD210079AD73 /* View */,
				BED547F4248AA5090079AD73 /* Controller */,
				BE31512B2489F34300D47503 /* Assets.xcassets */,
				BE31512D2489F34300D47503 /* LaunchScreen.storyboard */,
				BE3151302489F34300D47503 /* Info.plist */,
			);
			path = Weather;
			sourceTree = "<group>";
		};
		BED547F4248AA5090079AD73 /* Controller */ = {
			isa = PBXGroup;
			children = (
				BE3151262489F34000D47503 /* ViewController.swift */,
			);
			path = Controller;
			sourceTree = "<group>";
		};
		BED547F5248AA5100079AD73 /* Services */ = {
			isa = PBXGroup;
			children = (
				BED547F6248AA5230079AD73 /* WeatherService.swift */,
				BE8659CF2569C36900251CFC /* APIService.swift */,
			);
			path = Services;
			sourceTree = "<group>";
		};
		BED547F8248AAD8B0079AD73 /* Model */ = {
			isa = PBXGroup;
			children = (
				BED547F9248AAD9C0079AD73 /* WeatherData.swift */,
			);
			path = Model;
			sourceTree = "<group>";
		};
		BED547FF248AFD210079AD73 /* View */ = {
			isa = PBXGroup;
			children = (
				BE3151282489F34000D47503 /* Main.storyboard */,
				BEEFC82124A2AECC00109D3F /* ForecastCell.swift */,
				BE1235DA24943C1500D938DB /* GradientBackground.swift */,
				BE48F83424A3F69B00610F5E /* UIImage+AddShadow.swift */,
			);
			path = View;
			sourceTree = "<group>";
		};
/* End PBXGroup section */

/* Begin PBXNativeTarget section */
		BE31511E2489F34000D47503 /* Weather */ = {
			isa = PBXNativeTarget;
			buildConfigurationList = BE3151332489F34300D47503 /* Build configuration list for PBXNativeTarget "Weather" */;
			buildPhases = (
				BE31511B2489F34000D47503 /* Sources */,
				BE31511C2489F34000D47503 /* Frameworks */,
				BE31511D2489F34000D47503 /* Resources */,
			);
			buildRules = (
			);
			dependencies = (
			);
			name = Weather;
			productName = Weather;
			productReference = BE31511F2489F34000D47503 /* Weather.app */;
			productType = "com.apple.product-type.application";
		};
/* End PBXNativeTarget section */

/* Begin PBXProject section */
		BE3151172489F34000D47503 /* Project object */ = {
			isa = PBXProject;
			attributes = {
				LastSwiftUpdateCheck = 1130;
				LastUpgradeCheck = 1130;
				ORGANIZATIONNAME = "Kismet Development";
				TargetAttributes = {
					BE31511E2489F34000D47503 = {
						CreatedOnToolsVersion = 11.3.1;
					};
				};
			};
			buildConfigurationList = BE31511A2489F34000D47503 /* Build configuration list for PBXProject "Weather" */;
			compatibilityVersion = "Xcode 9.3";
			developmentRegion = en;
			hasScannedForEncodings = 0;
			knownRegions = (
				en,
				Base,
			);
			mainGroup = BE3151162489F34000D47503;
			productRefGroup = BE3151202489F34000D47503 /* Products */;
			projectDirPath = "";
			projectRoot = "";
			targets = (
				BE31511E2489F34000D47503 /* Weather */,
			);
		};
/* End PBXProject section */

/* Begin PBXResourcesBuildPhase section */
		BE31511D2489F34000D47503 /* Resources */ = {
			isa = PBXResourcesBuildPhase;
			buildActionMask = 2147483647;
			files = (
				BE31512F2489F34300D47503 /* LaunchScreen.storyboard in Resources */,
				BE31512C2489F34300D47503 /* Assets.xcassets in Resources */,
				BE31512A2489F34000D47503 /* Main.storyboard in Resources */,
			);
			runOnlyForDeploymentPostprocessing = 0;
		};
/* End PBXResourcesBuildPhase section */

/* Begin PBXSourcesBuildPhase section */
		BE31511B2489F34000D47503 /* Sources */ = {
			isa = PBXSourcesBuildPhase;
			buildActionMask = 2147483647;
			files = (
				BE3151272489F34000D47503 /* ViewController.swift in Sources */,
				BE3151232489F34000D47503 /* AppDelegate.swift in Sources */,
				BED547F7248AA5230079AD73 /* WeatherService.swift in Sources */,
				BE48F83524A3F69B00610F5E /* UIImage+AddShadow.swift in Sources */,
				BEEFC82224A2AECC00109D3F /* ForecastCell.swift in Sources */,
				BE1235D324942D0800D938DB /* Date+ConvertDate.swift in Sources */,
				BE1235DB24943C1500D938DB /* GradientBackground.swift in Sources */,
				BE48F83724A410BC00610F5E /* Double+ConvertDay.swift in Sources */,
				BE3151252489F34000D47503 /* SceneDelegate.swift in Sources */,
				BED547FA248AAD9C0079AD73 /* WeatherData.swift in Sources */,
				BE1235D924942D8C00D938DB /* Double+ConvertTemp.swift in Sources */,
				BE8659D02569C36900251CFC /* APIService.swift in Sources */,
				BE1235D724942D5E00D938DB /* Double+ConvertTime.swift in Sources */,
				BE1235D124942CCE00D938DB /* String+ConvertCityName.swift in Sources */,
			);
			runOnlyForDeploymentPostprocessing = 0;
		};
/* End PBXSourcesBuildPhase section */

/* Begin PBXVariantGroup section */
		BE3151282489F34000D47503 /* Main.storyboard */ = {
			isa = PBXVariantGroup;
			children = (
				BE3151292489F34000D47503 /* Base */,
			);
			name = Main.storyboard;
			sourceTree = "<group>";
		};
		BE31512D2489F34300D47503 /* LaunchScreen.storyboard */ = {
			isa = PBXVariantGroup;
			children = (
				BE31512E2489F34300D47503 /* Base */,
			);
			name = LaunchScreen.storyboard;
			sourceTree = "<group>";
		};
/* End PBXVariantGroup section */

/* Begin XCBuildConfiguration section */
		BE3151312489F34300D47503 /* Debug */ = {
			isa = XCBuildConfiguration;
			buildSettings = {
				ALWAYS_SEARCH_USER_PATHS = NO;
				CLANG_ANALYZER_NONNULL = YES;
				CLANG_ANALYZER_NUMBER_OBJECT_CONVERSION = YES_AGGRESSIVE;
				CLANG_CXX_LANGUAGE_STANDARD = "gnu++14";
				CLANG_CXX_LIBRARY = "libc++";
				CLANG_ENABLE_MODULES = YES;
				CLANG_ENABLE_OBJC_ARC = YES;
				CLANG_ENABLE_OBJC_WEAK = YES;
				CLANG_WARN_BLOCK_CAPTURE_AUTORELEASING = YES;
				CLANG_WARN_BOOL_CONVERSION = YES;
				CLANG_WARN_COMMA = YES;
				CLANG_WARN_CONSTANT_CONVERSION = YES;
				CLANG_WARN_DEPRECATED_OBJC_IMPLEMENTATIONS = YES;
				CLANG_WARN_DIRECT_OBJC_ISA_USAGE = YES_ERROR;
				CLANG_WARN_DOCUMENTATION_COMMENTS = YES;
				CLANG_WARN_EMPTY_BODY = YES;
				CLANG_WARN_ENUM_CONVERSION = YES;
				CLANG_WARN_INFINITE_RECURSION = YES;
				CLANG_WARN_INT_CONVERSION = YES;
				CLANG_WARN_NON_LITERAL_NULL_CONVERSION = YES;
				CLANG_WARN_OBJC_IMPLICIT_RETAIN_SELF = YES;
				CLANG_WARN_OBJC_LITERAL_CONVERSION = YES;
				CLANG_WARN_OBJC_ROOT_CLASS = YES_ERROR;
				CLANG_WARN_RANGE_LOOP_ANALYSIS = YES;
				CLANG_WARN_STRICT_PROTOTYPES = YES;
				CLANG_WARN_SUSPICIOUS_MOVE = YES;
				CLANG_WARN_UNGUARDED_AVAILABILITY = YES_AGGRESSIVE;
				CLANG_WARN_UNREACHABLE_CODE = YES;
				CLANG_WARN__DUPLICATE_METHOD_MATCH = YES;
				COPY_PHASE_STRIP = NO;
				DEBUG_INFORMATION_FORMAT = dwarf;
				ENABLE_STRICT_OBJC_MSGSEND = YES;
				ENABLE_TESTABILITY = YES;
				GCC_C_LANGUAGE_STANDARD = gnu11;
				GCC_DYNAMIC_NO_PIC = NO;
				GCC_NO_COMMON_BLOCKS = YES;
				GCC_OPTIMIZATION_LEVEL = 0;
				GCC_PREPROCESSOR_DEFINITIONS = (
					"DEBUG=1",
					"$(inherited)",
				);
				GCC_WARN_64_TO_32_BIT_CONVERSION = YES;
				GCC_WARN_ABOUT_RETURN_TYPE = YES_ERROR;
				GCC_WARN_UNDECLARED_SELECTOR = YES;
				GCC_WARN_UNINITIALIZED_AUTOS = YES_AGGRESSIVE;
				GCC_WARN_UNUSED_FUNCTION = YES;
				GCC_WARN_UNUSED_VARIABLE = YES;
				IPHONEOS_DEPLOYMENT_TARGET = 13.2;
				MTL_ENABLE_DEBUG_INFO = INCLUDE_SOURCE;
				MTL_FAST_MATH = YES;
				ONLY_ACTIVE_ARCH = YES;
				SDKROOT = iphoneos;
				SWIFT_ACTIVE_COMPILATION_CONDITIONS = DEBUG;
				SWIFT_OPTIMIZATION_LEVEL = "-Onone";
			};
			name = Debug;
		};
		BE3151322489F34300D47503 /* Release */ = {
			isa = XCBuildConfiguration;
			buildSettings = {
				ALWAYS_SEARCH_USER_PATHS = NO;
				CLANG_ANALYZER_NONNULL = YES;
				CLANG_ANALYZER_NUMBER_OBJECT_CONVERSION = YES_AGGRESSIVE;
				CLANG_CXX_LANGUAGE_STANDARD = "gnu++14";
				CLANG_CXX_LIBRARY = "libc++";
				CLANG_ENABLE_MODULES = YES;
				CLANG_ENABLE_OBJC_ARC = YES;
				CLANG_ENABLE_OBJC_WEAK = YES;
				CLANG_WARN_BLOCK_CAPTURE_AUTORELEASING = YES;
				CLANG_WARN_BOOL_CONVERSION = YES;
				CLANG_WARN_COMMA = YES;
				CLANG_WARN_CONSTANT_CONVERSION = YES;
				CLANG_WARN_DEPRECATED_OBJC_IMPLEMENTATIONS = YES;
				CLANG_WARN_DIRECT_OBJC_ISA_USAGE = YES_ERROR;
				CLANG_WARN_DOCUMENTATION_COMMENTS = YES;
				CLANG_WARN_EMPTY_BODY = YES;
				CLANG_WARN_ENUM_CONVERSION = YES;
				CLANG_WARN_INFINITE_RECURSION = YES;
				CLANG_WARN_INT_CONVERSION = YES;
				CLANG_WARN_NON_LITERAL_NULL_CONVERSION = YES;
				CLANG_WARN_OBJC_IMPLICIT_RETAIN_SELF = YES;
				CLANG_WARN_OBJC_LITERAL_CONVERSION = YES;
				CLANG_WARN_OBJC_ROOT_CLASS = YES_ERROR;
				CLANG_WARN_RANGE_LOOP_ANALYSIS = YES;
				CLANG_WARN_STRICT_PROTOTYPES = YES;
				CLANG_WARN_SUSPICIOUS_MOVE = YES;
				CLANG_WARN_UNGUARDED_AVAILABILITY = YES_AGGRESSIVE;
				CLANG_WARN_UNREACHABLE_CODE = YES;
				CLANG_WARN__DUPLICATE_METHOD_MATCH = YES;
				COPY_PHASE_STRIP = NO;
				DEBUG_INFORMATION_FORMAT = "dwarf-with-dsym";
				ENABLE_NS_ASSERTIONS = NO;
				ENABLE_STRICT_OBJC_MSGSEND = YES;
				GCC_C_LANGUAGE_STANDARD = gnu11;
				GCC_NO_COMMON_BLOCKS = YES;
				GCC_WARN_64_TO_32_BIT_CONVERSION = YES;
				GCC_WARN_ABOUT_RETURN_TYPE = YES_ERROR;
				GCC_WARN_UNDECLARED_SELECTOR = YES;
				GCC_WARN_UNINITIALIZED_AUTOS = YES_AGGRESSIVE;
				GCC_WARN_UNUSED_FUNCTION = YES;
				GCC_WARN_UNUSED_VARIABLE = YES;
				IPHONEOS_DEPLOYMENT_TARGET = 13.2;
				MTL_ENABLE_DEBUG_INFO = NO;
				MTL_FAST_MATH = YES;
				SDKROOT = iphoneos;
				SWIFT_COMPILATION_MODE = wholemodule;
				SWIFT_OPTIMIZATION_LEVEL = "-O";
				VALIDATE_PRODUCT = YES;
			};
			name = Release;
		};
		BE3151342489F34300D47503 /* Debug */ = {
			isa = XCBuildConfiguration;
			buildSettings = {
				ASSETCATALOG_COMPILER_APPICON_NAME = AppIcon;
				CODE_SIGN_STYLE = Automatic;
				DEVELOPMENT_TEAM = B5D85LZH9D;
				INFOPLIST_FILE = Weather/Info.plist;
				LD_RUNPATH_SEARCH_PATHS = (
					"$(inherited)",
					"@executable_path/Frameworks",
				);
				PRODUCT_BUNDLE_IDENTIFIER = com.kismetdevelopment.Weather;
				PRODUCT_NAME = "$(TARGET_NAME)";
				SWIFT_VERSION = 5.0;
				TARGETED_DEVICE_FAMILY = "1,2";
			};
			name = Debug;
		};
		BE3151352489F34300D47503 /* Release */ = {
			isa = XCBuildConfiguration;
			buildSettings = {
				ASSETCATALOG_COMPILER_APPICON_NAME = AppIcon;
				CODE_SIGN_STYLE = Automatic;
				DEVELOPMENT_TEAM = B5D85LZH9D;
				INFOPLIST_FILE = Weather/Info.plist;
				LD_RUNPATH_SEARCH_PATHS = (
					"$(inherited)",
					"@executable_path/Frameworks",
				);
				PRODUCT_BUNDLE_IDENTIFIER = com.kismetdevelopment.Weather;
				PRODUCT_NAME = "$(TARGET_NAME)";
				SWIFT_VERSION = 5.0;
				TARGETED_DEVICE_FAMILY = "1,2";
			};
			name = Release;
		};
/* End XCBuildConfiguration section */

/* Begin XCConfigurationList section */
		BE31511A2489F34000D47503 /* Build configuration list for PBXProject "Weather" */ = {
			isa = XCConfigurationList;
			buildConfigurations = (
				BE3151312489F34300D47503 /* Debug */,
				BE3151322489F34300D47503 /* Release */,
			);
			defaultConfigurationIsVisible = 0;
			defaultConfigurationName = Release;
		};
		BE3151332489F34300D47503 /* Build configuration list for PBXNativeTarget "Weather" */ = {
			isa = XCConfigurationList;
			buildConfigurations = (
				BE3151342489F34300D47503 /* Debug */,
				BE3151352489F34300D47503 /* Release */,
			);
			defaultConfigurationIsVisible = 0;
			defaultConfigurationName = Release;
		};
/* End XCConfigurationList section */
	};
	rootObject = BE3151172489F34000D47503 /* Project object */;
}
